
Microsoft Visual Studio Solution File, Format Version 12.00
# Visual Studio Version 17
VisualStudioVersion = 17.7.34024.191
MinimumVisualStudioVersion = 10.0.40219.1
Project("{FAE04EC0-301F-11D3-BF4B-00C04F79EFBC}") = "TestApp", "TestApp\TestApp.csproj", "{89C32E71-E75D-4D3B-8CDF-37AC702AE039}"
EndProject
Global
	GlobalSection(SolutionConfigurationPlatforms) = preSolution
		Debug|Any CPU = Debug|Any CPU
		Release|Any CPU = Release|Any CPU
	EndGlobalSection
	GlobalSection(ProjectConfigurationPlatforms) = postSolution
		{89C32E71-E75D-4D3B-8CDF-37AC702AE039}.Debug|Any CPU.ActiveCfg = Debug|Any CPU
		{89C32E71-E75D-4D3B-8CDF-37AC702AE039}.Debug|Any CPU.Build.0 = Debug|Any CPU
		{89C32E71-E75D-4D3B-8CDF-37AC702AE039}.Release|Any CPU.ActiveCfg = Release|Any CPU
		{89C32E71-E75D-4D3B-8CDF-37AC702AE039}.Release|Any CPU.Build.0 = Release|Any CPU
	EndGlobalSection
	GlobalSection(SolutionProperties) = preSolution
		HideSolutionNode = FALSE
	EndGlobalSection
	GlobalSection(ExtensibilityGlobals) = postSolution
		SolutionGuid = {E42B0DA4-86E6-4403-AAD8-66F3080F0CFF}
	EndGlobalSection
EndGlobal
